
Microsoft Visual Studio Solution File, Format Version 12.00
# Visual Studio 15
VisualStudioVersion = 15.0.28010.2019
MinimumVisualStudioVersion = 10.0.40219.1
Project("{FAE04EC0-301F-11D3-BF4B-00C04F79EFBC}") = "WebApplication1", "WebApplication1\WebApplication1.csproj", "{392C82A7-0CF1-4AEA-A027-82C912E713A8}"
EndProject
Global
	GlobalSection(SolutionConfigurationPlatforms) = preSolution
		Debug|Any CPU = Debug|Any CPU
		Release|Any CPU = Release|Any CPU
	EndGlobalSection
	GlobalSection(ProjectConfigurationPlatforms) = postSolution
		{392C82A7-0CF1-4AEA-A027-82C912E713A8}.Debug|Any CPU.ActiveCfg = Debug|Any CPU
		{392C82A7-0CF1-4AEA-A027-82C912E713A8}.Debug|Any CPU.Build.0 = Debug|Any CPU
		{392C82A7-0CF1-4AEA-A027-82C912E713A8}.Release|Any CPU.ActiveCfg = Release|Any CPU
		{392C82A7-0CF1-4AEA-A027-82C912E713A8}.Release|Any CPU.Build.0 = Release|Any CPU
	EndGlobalSection
	GlobalSection(SolutionProperties) = preSolution
		HideSolutionNode = FALSE
	EndGlobalSection
	GlobalSection(ExtensibilityGlobals) = postSolution
		SolutionGuid = {F5D87C8A-27BA-45D7-9941-5F79A7FF8C49}
	EndGlobalSection
EndGlobal
